{
  "name": "application-precheck",
  "version": "0.1.0",
  "lockfileVersion": 1,
  "requires": true,
  "dependencies": {
    "@comicrelief/pattern-lab": {
      "version": "7.24.8",
      "resolved": "https://registry.npmjs.org/@comicrelief/pattern-lab/-/pattern-lab-7.24.8.tgz",
      "integrity": "sha1-ur/6nsH+vXQ12X9hWCQxFde/y9E=",
      "requires": {
        "susy": "2.2.12"
      }
    },
    "susy": {
      "version": "2.2.12",
      "resolved": "https://registry.npmjs.org/susy/-/susy-2.2.12.tgz",
      "integrity": "sha1-ZEwkQe0A0pMofo1JoBbb+RkhWVM="
    }
  }
}
